
Microsoft Visual Studio Solution File, Format Version 12.00
# Visual Studio Version 16
VisualStudioVersion = 16.0.29009.5
MinimumVisualStudioVersion = 10.0.40219.1
Project("{FAE04EC0-301F-11D3-BF4B-00C04F79EFBC}") = "ShapeCalulator", "ShapeCalulator.csproj", "{BCC3D9A1-05E2-423B-80C1-DB9060487FE4}"
EndProject
Global
	GlobalSection(SolutionConfigurationPlatforms) = preSolution
		Debug|Any CPU = Debug|Any CPU
		Release|Any CPU = Release|Any CPU
	EndGlobalSection
	GlobalSection(ProjectConfigurationPlatforms) = postSolution
		{BCC3D9A1-05E2-423B-80C1-DB9060487FE4}.Debug|Any CPU.ActiveCfg = Debug|Any CPU
		{BCC3D9A1-05E2-423B-80C1-DB9060487FE4}.Debug|Any CPU.Build.0 = Debug|Any CPU
		{BCC3D9A1-05E2-423B-80C1-DB9060487FE4}.Release|Any CPU.ActiveCfg = Release|Any CPU
		{BCC3D9A1-05E2-423B-80C1-DB9060487FE4}.Release|Any CPU.Build.0 = Release|Any CPU
	EndGlobalSection
	GlobalSection(SolutionProperties) = preSolution
		HideSolutionNode = FALSE
	EndGlobalSection
	GlobalSection(ExtensibilityGlobals) = postSolution
		SolutionGuid = {3E3502A9-2E56-4D99-9B1C-55B0E9A4B735}
	EndGlobalSection
EndGlobal
